<?xml version="1.0" encoding="utf-8"?>
<Project ToolsVersion="4.0" xmlns="http://schemas.microsoft.com/developer/msbuild/2003">
  <ItemGroup>
    <Filter Include="ソース ファイル">
      <UniqueIdentifier>{4FC737F1-C7A5-4376-A066-2A32D752A2FF}</UniqueIdentifier>
      <Extensions>cpp;c;cc;cxx;def;odl;idl;hpj;bat;asm;asmx</Extensions>
    </Filter>
    <Filter Include="ヘッダー ファイル">
      <UniqueIdentifier>{93995380-89BD-4b04-88EB-625FBE52EBFB}</UniqueIdentifier>
      <Extensions>h;hpp;hxx;hm;inl;inc;xsd</Extensions>
    </Filter>
    <Filter Include="リソース ファイル">
      <UniqueIdentifier>{67DA6AB6-F800-4c08-8B7A-83BB121AAD01}</UniqueIdentifier>
      <Extensions>rc;ico;cur;bmp;dlg;rc2;rct;bin;rgs;gif;jpg;jpeg;jpe;resx;tiff;tif;png;wav;mfcribbon-ms</Extensions>
    </Filter>
  </ItemGroup>
  <ItemGroup>
    <ClInclude Include="skeletondrawer.h">
      <Filter>ソース ファイル</Filter>
    </ClInclude>
    <ClInclude Include="kinect_utility.h">
      <Filter>ヘッダー ファイル</Filter>
    </ClInclude>
  </ItemGroup>
  <ItemGroup>
    <ClCompile Include="..\..\..\05_kinect_throwknife\05_kinect_throwknife\test8\kinect_shadow.cpp">
      <Filter>ソース ファイル</Filter>
    </ClCompile>
    <ClCompile Include="new.cpp">
      <Filter>ソース ファイル</Filter>
    </ClCompile>
    <ClCompile Include="al_new.cpp">
      <Filter>ソース ファイル</Filter>
    </ClCompile>
    <ClCompile Include="031_alpha_blend.cpp">
      <Filter>ソース ファイル</Filter>
    </ClCompile>
    <ClCompile Include="041_throwing1.cpp">
      <Filter>ソース ファイル</Filter>
    </ClCompile>
    <ClCompile Include="031_alpha_blend_more.cpp">
      <Filter>ソース ファイル</Filter>
    </ClCompile>
    <ClCompile Include="021_kinect_hand_cross.cpp">
      <Filter>ソース ファイル</Filter>
    </ClCompile>
    <ClCompile Include="011_kinect_boneget1.cpp">
      <Filter>ソース ファイル</Filter>
    </ClCompile>
    <ClCompile Include="042_thorwing_withDepth.cpp">
      <Filter>ソース ファイル</Filter>
    </ClCompile>
    <ClCompile Include="043_texture.cpp">
      <Filter>ソース ファイル</Filter>
    </ClCompile>
    <ClCompile Include="051_projection_mapping.cpp">
      <Filter>ソース ファイル</Filter>
    </ClCompile>
    <ClCompile Include="111_sound_test.cpp">
      <Filter>ソース ファイル</Filter>
    </ClCompile>
    <ClCompile Include="112_caudio.cpp">
      <Filter>ソース ファイル</Filter>
    </ClCompile>
    <ClCompile Include="113_sound_filter.cpp">
      <Filter>ソース ファイル</Filter>
    </ClCompile>
    <ClCompile Include="114_caudio_withcv.cpp">
      <Filter>ソース ファイル</Filter>
    </ClCompile>
    <ClCompile Include="115_caudio_effect.cpp">
      <Filter>ソース ファイル</Filter>
    </ClCompile>
    <ClCompile Include="121_opengl_test.cpp">
      <Filter>ソース ファイル</Filter>
    </ClCompile>
    <ClCompile Include="122_opengl_3d.cpp">
      <Filter>ソース ファイル</Filter>
    </ClCompile>
    <ClCompile Include="123_opengl_kinect.cpp">
      <Filter>ソース ファイル</Filter>
    </ClCompile>
    <ClCompile Include="124opengl_kinect_PC.cpp">
      <Filter>ソース ファイル</Filter>
    </ClCompile>
    <ClCompile Include="201_3dgame_1.cpp">
      <Filter>ソース ファイル</Filter>
    </ClCompile>
  </ItemGroup>
  <ItemGroup>
    <Library Include="..\..\..\..\..\..\Program Files (x86)\OpenAL 1.1 SDK\libs\Win32\OpenAL32.lib" />
  </ItemGroup>
  <ItemGroup>
    <None Include="..\..\..\..\..\..\Program Files\fleealut\freealut-1.1.0-bin\lib\alut.dll" />
    <None Include="..\..\..\..\..\ogaki\Downloads\mado.wav">
      <Filter>リソース ファイル</Filter>
    </None>
  </ItemGroup>
</Project>